
Microsoft Visual Studio Solution File, Format Version 12.00
# Visual Studio Version 16
VisualStudioVersion = 16.0.31205.134
MinimumVisualStudioVersion = 10.0.40219.1
Project("{FAE04EC0-301F-11D3-BF4B-00C04F79EFBC}") = "LaboratorioNo7", "LaboratorioNo7.csproj", "{B98872CF-3DF6-4EBA-BAFF-4982698B8142}"
EndProject
Global
	GlobalSection(SolutionConfigurationPlatforms) = preSolution
		Debug|Any CPU = Debug|Any CPU
		Release|Any CPU = Release|Any CPU
	EndGlobalSection
	GlobalSection(ProjectConfigurationPlatforms) = postSolution
		{B98872CF-3DF6-4EBA-BAFF-4982698B8142}.Debug|Any CPU.ActiveCfg = Debug|Any CPU
		{B98872CF-3DF6-4EBA-BAFF-4982698B8142}.Debug|Any CPU.Build.0 = Debug|Any CPU
		{B98872CF-3DF6-4EBA-BAFF-4982698B8142}.Release|Any CPU.ActiveCfg = Release|Any CPU
		{B98872CF-3DF6-4EBA-BAFF-4982698B8142}.Release|Any CPU.Build.0 = Release|Any CPU
	EndGlobalSection
	GlobalSection(SolutionProperties) = preSolution
		HideSolutionNode = FALSE
	EndGlobalSection
	GlobalSection(ExtensibilityGlobals) = postSolution
		SolutionGuid = {575E5716-4774-44D8-B4B3-332D3A451B55}
	EndGlobalSection
EndGlobal
